
Microsoft Visual Studio Solution File, Format Version 12.00
# Visual Studio Version 16
VisualStudioVersion = 16.0.31729.503
MinimumVisualStudioVersion = 10.0.40219.1
Project("{FAE04EC0-301F-11D3-BF4B-00C04F79EFBC}") = "HW6", "HW6.csproj", "{D3CB19E2-1C30-4F46-B998-54AD1D8AC40C}"
EndProject
Global
	GlobalSection(SolutionConfigurationPlatforms) = preSolution
		Debug|Any CPU = Debug|Any CPU
		Release|Any CPU = Release|Any CPU
	EndGlobalSection
	GlobalSection(ProjectConfigurationPlatforms) = postSolution
		{D3CB19E2-1C30-4F46-B998-54AD1D8AC40C}.Debug|Any CPU.ActiveCfg = Debug|Any CPU
		{D3CB19E2-1C30-4F46-B998-54AD1D8AC40C}.Debug|Any CPU.Build.0 = Debug|Any CPU
		{D3CB19E2-1C30-4F46-B998-54AD1D8AC40C}.Release|Any CPU.ActiveCfg = Release|Any CPU
		{D3CB19E2-1C30-4F46-B998-54AD1D8AC40C}.Release|Any CPU.Build.0 = Release|Any CPU
	EndGlobalSection
	GlobalSection(SolutionProperties) = preSolution
		HideSolutionNode = FALSE
	EndGlobalSection
	GlobalSection(ExtensibilityGlobals) = postSolution
		SolutionGuid = {EFF9D697-5785-4F24-A429-813AAA723594}
	EndGlobalSection
EndGlobal
